
Microsoft Visual Studio Solution File, Format Version 12.00
# Visual Studio Version 17
VisualStudioVersion = 17.3.32929.385
MinimumVisualStudioVersion = 10.0.40219.1
Project("{FAE04EC0-301F-11D3-BF4B-00C04F79EFBC}") = "Fortnite2", "Fortnite2\Fortnite2.csproj", "{9FF1C69B-4976-429F-86E2-A7C847DCFE42}"
EndProject
Global
	GlobalSection(SolutionConfigurationPlatforms) = preSolution
		Debug|Any CPU = Debug|Any CPU
		Release|Any CPU = Release|Any CPU
	EndGlobalSection
	GlobalSection(ProjectConfigurationPlatforms) = postSolution
		{9FF1C69B-4976-429F-86E2-A7C847DCFE42}.Debug|Any CPU.ActiveCfg = Debug|Any CPU
		{9FF1C69B-4976-429F-86E2-A7C847DCFE42}.Debug|Any CPU.Build.0 = Debug|Any CPU
		{9FF1C69B-4976-429F-86E2-A7C847DCFE42}.Release|Any CPU.ActiveCfg = Release|Any CPU
		{9FF1C69B-4976-429F-86E2-A7C847DCFE42}.Release|Any CPU.Build.0 = Release|Any CPU
	EndGlobalSection
	GlobalSection(SolutionProperties) = preSolution
		HideSolutionNode = FALSE
	EndGlobalSection
	GlobalSection(ExtensibilityGlobals) = postSolution
		SolutionGuid = {087D7DBA-0076-4CB0-9905-D6ABA59A6843}
	EndGlobalSection
EndGlobal
